# This file is automatically @generated by Cargo.
# It is not intended for manual editing.
version = 4

[[package]]
name = "odr-attack"
version = "0.1.0"

[[package]]
name = "odr-bus"
version = "0.1.0"

[[package]]
name = "odr-cli"
version = "0.1.0"

[[package]]
name = "odr-detect"
version = "0.1.0"

[[package]]
name = "odr-osdp"
version = "0.1.0"

[[package]]
name = "odr-scenario"
version = "0.1.0"

[[package]]
name = "odr-wasm"
version = "0.1.0"

[[package]]
name = "odr-wiegand"
version = "0.1.0"
